github.com/samber/go-quickwit v0.1.2 h1:d8Fh3e0bK3eGdWtzb4xSR170jYAkyOkwq6m2ks59Spg=
github.com/samber/go-quickwit v0.1.2/go.mod h1:3j2vo/85XO8JYPIAGMJwz4CDTKaQc2Ozn/i948cIgz8=
github.com/samber/lo v1.47.0 h1:z7RynLwP5nbyRscyvcD043DWYoOcYRv3mV8lBeqOCLc=
github.com/samber/lo v1.47.0/go.mod h1:RmDH9Ct32Qy3gduHQuKJ3gW1fMHAnE/fAzQuf6He5cU=
github.com/samber/slog-common v0.18.1 h1:c0EipD/nVY9HG5shgm/XAs67mgpWDMF+MmtptdJNCkQ=
github.com/samber/slog-common v0.18.1/go.mod h1:QNZiNGKakvrfbJ2YglQXLCZauzkI9xZBjOhWFKS3IKk=
golang.org/x/text v0.16.0 h1:a94ExnEXNtEwYLGJSIUxnWoxoRz/ZcCsV63ROupILh4=
golang.org/x/text v0.16.0/go.mod h1:GhwF1Be+LQoKShO3cGOHzqOgRrGaYc9AvblQOmPVHnI=
